Microsoft Visual Studio Solution File, Format Version 12.00
# Visual Studio Version 17
VisualStudioVersion = 17.5.2.0
MinimumVisualStudioVersion = 10.0.40219.1
Project("{FAE04EC0-301F-11D3-BF4B-00C04F79EFBC}") = "tl1-tp6-2025-BarcalaM", "tl1-tp6-2025-BarcalaM.csproj", "{BA59FE12-B848-4BCD-0A77-9F832227D8E6}"
EndProject
Global
	GlobalSection(SolutionConfigurationPlatforms) = preSolution
		Debug|Any CPU = Debug|Any CPU
		Release|Any CPU = Release|Any CPU
	EndGlobalSection
	GlobalSection(ProjectConfigurationPlatforms) = postSolution
		{BA59FE12-B848-4BCD-0A77-9F832227D8E6}.Debug|Any CPU.ActiveCfg = Debug|Any CPU
		{BA59FE12-B848-4BCD-0A77-9F832227D8E6}.Debug|Any CPU.Build.0 = Debug|Any CPU
		{BA59FE12-B848-4BCD-0A77-9F832227D8E6}.Release|Any CPU.ActiveCfg = Release|Any CPU
		{BA59FE12-B848-4BCD-0A77-9F832227D8E6}.Release|Any CPU.Build.0 = Release|Any CPU
	EndGlobalSection
	GlobalSection(SolutionProperties) = preSolution
		HideSolutionNode = FALSE
	EndGlobalSection
	GlobalSection(ExtensibilityGlobals) = postSolution
		SolutionGuid = {07CF7500-7D03-4F66-997C-F77438A4BFB5}
	EndGlobalSection
EndGlobal
